
Microsoft Visual Studio Solution File, Format Version 12.00
# Visual Studio Version 16
VisualStudioVersion = 16.0.29230.47
MinimumVisualStudioVersion = 10.0.40219.1
Project("{FAE04EC0-301F-11D3-BF4B-00C04F79EFBC}") = "K_Cluster", "K_Cluster\K_Cluster.csproj", "{8A4FE289-6238-45AB-AF68-3D098FBD091E}"
EndProject
Global
	GlobalSection(SolutionConfigurationPlatforms) = preSolution
		Debug|Any CPU = Debug|Any CPU
		Debug|x64 = Debug|x64
		Release|Any CPU = Release|Any CPU
		Release|x64 = Release|x64
		ReleaseClustering|Any CPU = ReleaseClustering|Any CPU
		ReleaseClustering|x64 = ReleaseClustering|x64
	EndGlobalSection
	GlobalSection(ProjectConfigurationPlatforms) = postSolution
		{8A4FE289-6238-45AB-AF68-3D098FBD091E}.Debug|Any CPU.ActiveCfg = Debug|Any CPU
		{8A4FE289-6238-45AB-AF68-3D098FBD091E}.Debug|Any CPU.Build.0 = Debug|Any CPU
		{8A4FE289-6238-45AB-AF68-3D098FBD091E}.Debug|x64.ActiveCfg = Debug|x64
		{8A4FE289-6238-45AB-AF68-3D098FBD091E}.Debug|x64.Build.0 = Debug|x64
		{8A4FE289-6238-45AB-AF68-3D098FBD091E}.Release|Any CPU.ActiveCfg = Release|Any CPU
		{8A4FE289-6238-45AB-AF68-3D098FBD091E}.Release|Any CPU.Build.0 = Release|Any CPU
		{8A4FE289-6238-45AB-AF68-3D098FBD091E}.Release|x64.ActiveCfg = Release|x64
		{8A4FE289-6238-45AB-AF68-3D098FBD091E}.Release|x64.Build.0 = Release|x64
		{8A4FE289-6238-45AB-AF68-3D098FBD091E}.ReleaseClustering|Any CPU.ActiveCfg = ReleaseClustering|Any CPU
		{8A4FE289-6238-45AB-AF68-3D098FBD091E}.ReleaseClustering|Any CPU.Build.0 = ReleaseClustering|Any CPU
		{8A4FE289-6238-45AB-AF68-3D098FBD091E}.ReleaseClustering|x64.ActiveCfg = ReleaseClustering|x64
		{8A4FE289-6238-45AB-AF68-3D098FBD091E}.ReleaseClustering|x64.Build.0 = ReleaseClustering|x64
	EndGlobalSection
	GlobalSection(SolutionProperties) = preSolution
		HideSolutionNode = FALSE
	EndGlobalSection
	GlobalSection(ExtensibilityGlobals) = postSolution
		SolutionGuid = {17CC9F84-A4BA-4AB4-A156-24C56D00EBBD}
	EndGlobalSection
EndGlobal
